
Microsoft Visual Studio Solution File, Format Version 12.00
# Visual Studio Version 16
VisualStudioVersion = 16.0.33130.400
MinimumVisualStudioVersion = 10.0.40219.1
Project("{FAE04EC0-301F-11D3-BF4B-00C04F79EFBC}") = "zachet_shumkova_var5", "zachet_shumkova_var5.csproj", "{A3AD2217-A429-4835-B158-794C77BAD4F3}"
EndProject
Global
	GlobalSection(SolutionConfigurationPlatforms) = preSolution
		Debug|Any CPU = Debug|Any CPU
		Release|Any CPU = Release|Any CPU
	EndGlobalSection
	GlobalSection(ProjectConfigurationPlatforms) = postSolution
		{A3AD2217-A429-4835-B158-794C77BAD4F3}.Debug|Any CPU.ActiveCfg = Debug|Any CPU
		{A3AD2217-A429-4835-B158-794C77BAD4F3}.Debug|Any CPU.Build.0 = Debug|Any CPU
		{A3AD2217-A429-4835-B158-794C77BAD4F3}.Release|Any CPU.ActiveCfg = Release|Any CPU
		{A3AD2217-A429-4835-B158-794C77BAD4F3}.Release|Any CPU.Build.0 = Release|Any CPU
	EndGlobalSection
	GlobalSection(SolutionProperties) = preSolution
		HideSolutionNode = FALSE
	EndGlobalSection
	GlobalSection(ExtensibilityGlobals) = postSolution
		SolutionGuid = {D0F3809B-7310-4EEF-8B50-9ED696C704AD}
	EndGlobalSection
EndGlobal
